// !$*UTF8*$!
{
	archiveVersion = 1;
	classes = {
	};
	objectVersion = 46;
	objects = {

/* Begin PBXBuildFile section */
		0B22EDD41C7F3B4C00CBF57D /* Firebase.framework in Frameworks */ = {isa = PBXBuildFile; fileRef = 0B22EDD31C7F3B4C00CBF57D /* Firebase.framework */; };
		0B22EDD51C7F3BE300CBF57D /* Firebase.framework in Embed Frameworks */ = {isa = PBXBuildFile; fileRef = 0B22EDD31C7F3B4C00CBF57D /* Firebase.framework */; settings = {ATTRIBUTES = (CodeSignOnCopy, RemoveHeadersOnCopy, ); }; };
		0B22EDD71C7F3CFB00CBF57D /* CFNetwork.framework in Frameworks */ = {isa = PBXBuildFile; fileRef = 0B22EDD61C7F3CFB00CBF57D /* CFNetwork.framework */; };
		0B22EDD91C7F3D0500CBF57D /* Security.framework in Frameworks */ = {isa = PBXBuildFile; fileRef = 0B22EDD81C7F3D0500CBF57D /* Security.framework */; };
		0B22EDDB1C7F3D1000CBF57D /* SystemConfiguration.framework in Frameworks */ = {isa = PBXBuildFile; fileRef = 0B22EDDA1C7F3D1000CBF57D /* SystemConfiguration.framework */; };
		0B22EDDD1C7F3D2000CBF57D /* libc++.tbd in Frameworks */ = {isa = PBXBuildFile; fileRef = 0B22EDDC1C7F3D2000CBF57D /* libc++.tbd */; };
		0B22EDDF1C7F3D2C00CBF57D /* libicucore.tbd in Frameworks */ = {isa = PBXBuildFile; fileRef = 0B22EDDE1C7F3D2C00CBF57D /* libicucore.tbd */; };
		0B29A7011C80F465001ED0C4 /* Login.swift in Sources */ = {isa = PBXBuildFile; fileRef = 0B29A7001C80F465001ED0C4 /* Login.swift */; };
		0B29A7031C8164E3001ED0C4 /* LoggedInInfo.swift in Sources */ = {isa = PBXBuildFile; fileRef = 0B29A7021C8164E3001ED0C4 /* LoggedInInfo.swift */; };
		0B29A7051C82266E001ED0C4 /* QuestionCostPatient.swift in Sources */ = {isa = PBXBuildFile; fileRef = 0B29A7041C82266E001ED0C4 /* QuestionCostPatient.swift */; };
		0B29A7071C822BA0001ED0C4 /* QuestionLocationTherapist.swift in Sources */ = {isa = PBXBuildFile; fileRef = 0B29A7061C822BA0001ED0C4 /* QuestionLocationTherapist.swift */; };
		0B29A70D1C8745AF001ED0C4 /* SignUpThera.swift in Sources */ = {isa = PBXBuildFile; fileRef = 0B29A70C1C8745AF001ED0C4 /* SignUpThera.swift */; };
		0B3C4EFE1C8C76FF00F56ED4 /* PickImage.swift in Sources */ = {isa = PBXBuildFile; fileRef = 0B3C4EFD1C8C76FF00F56ED4 /* PickImage.swift */; };
		0B3D35991CC7032E00D8A475 /* moreInfo.swift in Sources */ = {isa = PBXBuildFile; fileRef = 0B3D35981CC7032E00D8A475 /* moreInfo.swift */; };
		0B5D49051CB3F8E0007E7C31 /* OldAnswersPatients.swift in Sources */ = {isa = PBXBuildFile; fileRef = 0B5D49041CB3F8E0007E7C31 /* OldAnswersPatients.swift */; };
		0B5D49071CB43505007E7C31 /* AnswersTherapists.swift in Sources */ = {isa = PBXBuildFile; fileRef = 0B5D49061CB43505007E7C31 /* AnswersTherapists.swift */; };
		0B6CE3251CB94ADE0043D857 /* MatchPage.swift in Sources */ = {isa = PBXBuildFile; fileRef = 0B6CE3241CB94ADE0043D857 /* MatchPage.swift */; };
		0B9A023B1C9990B100C4F0C3 /* MatchingAlgorithm.swift in Sources */ = {isa = PBXBuildFile; fileRef = 0B9A023A1C9990B100C4F0C3 /* MatchingAlgorithm.swift */; };
		0BCE55111C6B75100083A2BE /* AdobeHeitiStd-Regular.otf in Resources */ = {isa = PBXBuildFile; fileRef = 0BCE55101C6B75100083A2BE /* AdobeHeitiStd-Regular.otf */; };
		0BCE55131C6B75250083A2BE /* STHeiti Light.ttc in Resources */ = {isa = PBXBuildFile; fileRef = 0BCE55121C6B75250083A2BE /* STHeiti Light.ttc */; };
		0BCE55171C6B7CBE0083A2BE /* QuestionDirectiveThera.swift in Sources */ = {isa = PBXBuildFile; fileRef = 0BCE55161C6B7CBE0083A2BE /* QuestionDirectiveThera.swift */; };
		0BCE551B1C6B81010083A2BE /* QuestionReligionThera.swift in Sources */ = {isa = PBXBuildFile; fileRef = 0BCE551A1C6B81010083A2BE /* QuestionReligionThera.swift */; };
		0BCE551E1C6B8B4E0083A2BE /* QuestionThera3.swift in Sources */ = {isa = PBXBuildFile; fileRef = 0BCE551D1C6B8B4E0083A2BE /* QuestionThera3.swift */; };
		0BD332231C7141F300E5F31D /* Realm.framework in Embed Frameworks */ = {isa = PBXBuildFile; fileRef = 0BD332201C7141F300E5F31D /* Realm.framework */; settings = {ATTRIBUTES = (CodeSignOnCopy, RemoveHeadersOnCopy, ); }; };
		0BD332251C7141F300E5F31D /* RealmSwift.framework in Embed Frameworks */ = {isa = PBXBuildFile; fileRef = 0BD332211C7141F300E5F31D /* RealmSwift.framework */; settings = {ATTRIBUTES = (CodeSignOnCopy, RemoveHeadersOnCopy, ); }; };
		0BD3326A1C76272100E5F31D /* QuestionExpertPatient.swift in Sources */ = {isa = PBXBuildFile; fileRef = 0BD332691C76272100E5F31D /* QuestionExpertPatient.swift */; };
		0BE8018B1C63CD5700E761A6 /* AppDelegate.swift in Sources */ = {isa = PBXBuildFile; fileRef = 0BE8018A1C63CD5700E761A6 /* AppDelegate.swift */; };
		0BE8018D1C63CD5700E761A6 /* ViewController.swift in Sources */ = {isa = PBXBuildFile; fileRef = 0BE8018C1C63CD5700E761A6 /* ViewController.swift */; };
		0BE801921C63CD5700E761A6 /* Images.xcassets in Resources */ = {isa = PBXBuildFile; fileRef = 0BE801911C63CD5700E761A6 /* Images.xcassets */; };
		0BE801951C63CD5700E761A6 /* LaunchScreen.xib in Resources */ = {isa = PBXBuildFile; fileRef = 0BE801931C63CD5700E761A6 /* LaunchScreen.xib */; };
		0BE801A11C63CD5700E761A6 /* background_image_Tests.swift in Sources */ = {isa = PBXBuildFile; fileRef = 0BE801A01C63CD5700E761A6 /* background_image_Tests.swift */; };
		0BE801F21C6525AB00E761A6 /* Main.storyboard in Resources */ = {isa = PBXBuildFile; fileRef = 0BE801F01C6525AB00E761A6 /* Main.storyboard */; };
		0BE802031C66AF2300E761A6 /* QuestionDirectivePatient.swift in Sources */ = {isa = PBXBuildFile; fileRef = 0BE802021C66AF2300E761A6 /* QuestionDirectivePatient.swift */; };
		0BE802051C66AF3300E761A6 /* QuestionReligionPatient.swift in Sources */ = {isa = PBXBuildFile; fileRef = 0BE802041C66AF3300E761A6 /* QuestionReligionPatient.swift */; };
		0BE802071C67BC9E00E761A6 /* QuestionGenderPatient.swift in Sources */ = {isa = PBXBuildFile; fileRef = 0BE802061C67BC9E00E761A6 /* QuestionGenderPatient.swift */; };
		0BE802091C67C1E200E761A6 /* QuestionChildhoodPatient.swift in Sources */ = {isa = PBXBuildFile; fileRef = 0BE802081C67C1E200E761A6 /* QuestionChildhoodPatient.swift */; };
		0BE8020B1C67CF0600E761A6 /* signUpPage.swift in Sources */ = {isa = PBXBuildFile; fileRef = 0BE8020A1C67CF0600E761A6 /* signUpPage.swift */; };
		0BEE93CA1C8F4EEE008BAD43 /* AsyncButton.swift in Sources */ = {isa = PBXBuildFile; fileRef = 0BEE93AC1C8F4EEE008BAD43 /* AsyncButton.swift */; };
		0BEE93CB1C8F4EEE008BAD43 /* AsyncImageView.swift in Sources */ = {isa = PBXBuildFile; fileRef = 0BEE93AD1C8F4EEE008BAD43 /* AsyncImageView.swift */; };
		0BEE93CC1C8F4EEE008BAD43 /* AutoTextView.swift in Sources */ = {isa = PBXBuildFile; fileRef = 0BEE93AE1C8F4EEE008BAD43 /* AutoTextView.swift */; };
		0BEE93CD1C8F4EEE008BAD43 /* BlurView.swift in Sources */ = {isa = PBXBuildFile; fileRef = 0BEE93AF1C8F4EEE008BAD43 /* BlurView.swift */; };
		0BEE93CE1C8F4EEE008BAD43 /* DesignableButton.swift in Sources */ = {isa = PBXBuildFile; fileRef = 0BEE93B01C8F4EEE008BAD43 /* DesignableButton.swift */; };
		0BEE93CF1C8F4EEE008BAD43 /* DesignableImageView.swift in Sources */ = {isa = PBXBuildFile; fileRef = 0BEE93B11C8F4EEE008BAD43 /* DesignableImageView.swift */; };
		0BEE93D01C8F4EEE008BAD43 /* DesignableLabel.swift in Sources */ = {isa = PBXBuildFile; fileRef = 0BEE93B21C8F4EEE008BAD43 /* DesignableLabel.swift */; };
		0BEE93D11C8F4EEE008BAD43 /* DesignableTabBarController.swift in Sources */ = {isa = PBXBuildFile; fileRef = 0BEE93B31C8F4EEE008BAD43 /* DesignableTabBarController.swift */; };
		0BEE93D21C8F4EEE008BAD43 /* DesignableTextField.swift in Sources */ = {isa = PBXBuildFile; fileRef = 0BEE93B41C8F4EEE008BAD43 /* DesignableTextField.swift */; };
		0BEE93D31C8F4EEE008BAD43 /* DesignableTextView.swift in Sources */ = {isa = PBXBuildFile; fileRef = 0BEE93B51C8F4EEE008BAD43 /* DesignableTextView.swift */; };
		0BEE93D41C8F4EEE008BAD43 /* DesignableView.swift in Sources */ = {isa = PBXBuildFile; fileRef = 0BEE93B61C8F4EEE008BAD43 /* DesignableView.swift */; };
		0BEE93D51C8F4EEE008BAD43 /* ImageLoader.swift in Sources */ = {isa = PBXBuildFile; fileRef = 0BEE93B71C8F4EEE008BAD43 /* ImageLoader.swift */; };
		0BEE93D61C8F4EEE008BAD43 /* Info.plist in Resources */ = {isa = PBXBuildFile; fileRef = 0BEE93B81C8F4EEE008BAD43 /* Info.plist */; };
		0BEE93D71C8F4EEE008BAD43 /* KeyboardLayoutConstraint.swift in Sources */ = {isa = PBXBuildFile; fileRef = 0BEE93B91C8F4EEE008BAD43 /* KeyboardLayoutConstraint.swift */; };
		0BEE93D81C8F4EEE008BAD43 /* LoadingView.swift in Sources */ = {isa = PBXBuildFile; fileRef = 0BEE93BA1C8F4EEE008BAD43 /* LoadingView.swift */; };
		0BEE93D91C8F4EEE008BAD43 /* LoadingView.xib in Resources */ = {isa = PBXBuildFile; fileRef = 0BEE93BB1C8F4EEE008BAD43 /* LoadingView.xib */; };
		0BEE93DA1C8F4EEE008BAD43 /* Misc.swift in Sources */ = {isa = PBXBuildFile; fileRef = 0BEE93BC1C8F4EEE008BAD43 /* Misc.swift */; };
		0BEE93DB1C8F4EEE008BAD43 /* SoundPlayer.swift in Sources */ = {isa = PBXBuildFile; fileRef = 0BEE93BD1C8F4EEE008BAD43 /* SoundPlayer.swift */; };
		0BEE93DC1C8F4EEE008BAD43 /* Spring.swift in Sources */ = {isa = PBXBuildFile; fileRef = 0BEE93BF1C8F4EEE008BAD43 /* Spring.swift */; };
		0BEE93DD1C8F4EEE008BAD43 /* SpringAnimation.swift in Sources */ = {isa = PBXBuildFile; fileRef = 0BEE93C01C8F4EEE008BAD43 /* SpringAnimation.swift */; };
		0BEE93DE1C8F4EEE008BAD43 /* SpringButton.swift in Sources */ = {isa = PBXBuildFile; fileRef = 0BEE93C11C8F4EEE008BAD43 /* SpringButton.swift */; };
		0BEE93DF1C8F4EEE008BAD43 /* SpringImageView.swift in Sources */ = {isa = PBXBuildFile; fileRef = 0BEE93C21C8F4EEE008BAD43 /* SpringImageView.swift */; };
		0BEE93E01C8F4EEE008BAD43 /* SpringLabel.swift in Sources */ = {isa = PBXBuildFile; fileRef = 0BEE93C31C8F4EEE008BAD43 /* SpringLabel.swift */; };
		0BEE93E11C8F4EEE008BAD43 /* SpringTextField.swift in Sources */ = {isa = PBXBuildFile; fileRef = 0BEE93C41C8F4EEE008BAD43 /* SpringTextField.swift */; };
		0BEE93E21C8F4EEE008BAD43 /* SpringTextView.swift in Sources */ = {isa = PBXBuildFile; fileRef = 0BEE93C51C8F4EEE008BAD43 /* SpringTextView.swift */; };
		0BEE93E31C8F4EEE008BAD43 /* SpringView.swift in Sources */ = {isa = PBXBuildFile; fileRef = 0BEE93C61C8F4EEE008BAD43 /* SpringView.swift */; };
		0BEE93E41C8F4EEE008BAD43 /* TransitionManager.swift in Sources */ = {isa = PBXBuildFile; fileRef = 0BEE93C71C8F4EEE008BAD43 /* TransitionManager.swift */; };
		0BEE93E51C8F4EEE008BAD43 /* TransitionZoom.swift in Sources */ = {isa = PBXBuildFile; fileRef = 0BEE93C81C8F4EEE008BAD43 /* TransitionZoom.swift */; };
		0BEE93E61C8F4EEE008BAD43 /* UnwindSegue.swift in Sources */ = {isa = PBXBuildFile; fileRef = 0BEE93C91C8F4EEE008BAD43 /* UnwindSegue.swift */; };
		E27168DC1C8BC91900778E22 /* QuestionGenderTherapist.swift in Sources */ = {isa = PBXBuildFile; fileRef = E27168DB1C8BC91900778E22 /* QuestionGenderTherapist.swift */; };
		E27168DE1C8BC96800778E22 /* QuestionChildhoodTherapist.swift in Sources */ = {isa = PBXBuildFile; fileRef = E27168DD1C8BC96800778E22 /* QuestionChildhoodTherapist.swift */; };
		E27168E01C8BC9B600778E22 /* QuestionExpertTherapist.swift in Sources */ = {isa = PBXBuildFile; fileRef = E27168DF1C8BC9B600778E22 /* QuestionExpertTherapist.swift */; };
		E27168E21C8BCAC900778E22 /* QuestionCostTherapist.swift in Sources */ = {isa = PBXBuildFile; fileRef = E27168E11C8BCAC900778E22 /* QuestionCostTherapist.swift */; };
		E27168E41C8BCB2100778E22 /* QuestionLocationPatient.swift in Sources */ = {isa = PBXBuildFile; fileRef = E27168E31C8BCB2100778E22 /* QuestionLocationPatient.swift */; };
/* End PBXBuildFile section */

/* Begin PBXContainerItemProxy section */
		0BE8019B1C63CD5700E761A6 /* PBXContainerItemProxy */ = {
			isa = PBXContainerItemProxy;
			containerPortal = 0BE8017D1C63CD5700E761A6 /* Project object */;
			proxyType = 1;
			remoteGlobalIDString = 0BE801841C63CD5700E761A6;
			remoteInfo = "background-image+";
		};
/* End PBXContainerItemProxy section */

/* Begin PBXCopyFilesBuildPhase section */
		0BD332261C7141F300E5F31D /* Embed Frameworks */ = {
			isa = PBXCopyFilesBuildPhase;
			buildActionMask = 2147483647;
			dstPath = "";
			dstSubfolderSpec = 10;
			files = (
				0B22EDD51C7F3BE300CBF57D /* Firebase.framework in Embed Frameworks */,
				0BD332251C7141F300E5F31D /* RealmSwift.framework in Embed Frameworks */,
				0BD332231C7141F300E5F31D /* Realm.framework in Embed Frameworks */,
			);
			name = "Embed Frameworks";
			runOnlyForDeploymentPostprocessing = 0;
		};
/* End PBXCopyFilesBuildPhase section */

/* Begin PBXFileReference section */
		0B22EDD31C7F3B4C00CBF57D /* Firebase.framework */ = {isa = PBXFileReference; lastKnownFileType = wrapper.framework; path = Firebase.framework; sourceTree = "<group>"; };
		0B22EDD61C7F3CFB00CBF57D /* CFNetwork.framework */ = {isa = PBXFileReference; lastKnownFileType = wrapper.framework; name = CFNetwork.framework; path = System/Library/Frameworks/CFNetwork.framework; sourceTree = SDKROOT; };
		0B22EDD81C7F3D0500CBF57D /* Security.framework */ = {isa = PBXFileReference; lastKnownFileType = wrapper.framework; name = Security.framework; path = System/Library/Frameworks/Security.framework; sourceTree = SDKROOT; };
		0B22EDDA1C7F3D1000CBF57D /* SystemConfiguration.framework */ = {isa = PBXFileReference; lastKnownFileType = wrapper.framework; name = SystemConfiguration.framework; path = System/Library/Frameworks/SystemConfiguration.framework; sourceTree = SDKROOT; };
		0B22EDDC1C7F3D2000CBF57D /* libc++.tbd */ = {isa = PBXFileReference; lastKnownFileType = "sourcecode.text-based-dylib-definition"; name = "libc++.tbd"; path = "usr/lib/libc++.tbd"; sourceTree = SDKROOT; };
		0B22EDDE1C7F3D2C00CBF57D /* libicucore.tbd */ = {isa = PBXFileReference; lastKnownFileType = "sourcecode.text-based-dylib-definition"; name = libicucore.tbd; path = usr/lib/libicucore.tbd; sourceTree = SDKROOT; };
		0B29A7001C80F465001ED0C4 /* Login.swift */ = {isa = PBXFileReference; fileEncoding = 4; lastKnownFileType = sourcecode.swift; path = Login.swift; sourceTree = "<group>"; };
		0B29A7021C8164E3001ED0C4 /* LoggedInInfo.swift */ = {isa = PBXFileReference; fileEncoding = 4; lastKnownFileType = sourcecode.swift; path = LoggedInInfo.swift; sourceTree = "<group>"; };
		0B29A7041C82266E001ED0C4 /* QuestionCostPatient.swift */ = {isa = PBXFileReference; fileEncoding = 4; lastKnownFileType = sourcecode.swift; path = QuestionCostPatient.swift; sourceTree = "<group>"; };
		0B29A7061C822BA0001ED0C4 /* QuestionLocationTherapist.swift */ = {isa = PBXFileReference; fileEncoding = 4; lastKnownFileType = sourcecode.swift; path = QuestionLocationTherapist.swift; sourceTree = "<group>"; };
		0B29A70C1C8745AF001ED0C4 /* SignUpThera.swift */ = {isa = PBXFileReference; fileEncoding = 4; lastKnownFileType = sourcecode.swift; path = SignUpThera.swift; sourceTree = "<group>"; };
		0B3C4EFD1C8C76FF00F56ED4 /* PickImage.swift */ = {isa = PBXFileReference; fileEncoding = 4; lastKnownFileType = sourcecode.swift; path = PickImage.swift; sourceTree = "<group>"; };
		0B3D35981CC7032E00D8A475 /* moreInfo.swift */ = {isa = PBXFileReference; fileEncoding = 4; lastKnownFileType = sourcecode.swift; path = moreInfo.swift; sourceTree = "<group>"; };
		0B5D49041CB3F8E0007E7C31 /* OldAnswersPatients.swift */ = {isa = PBXFileReference; fileEncoding = 4; lastKnownFileType = sourcecode.swift; path = OldAnswersPatients.swift; sourceTree = "<group>"; };
		0B5D49061CB43505007E7C31 /* AnswersTherapists.swift */ = {isa = PBXFileReference; fileEncoding = 4; lastKnownFileType = sourcecode.swift; path = AnswersTherapists.swift; sourceTree = "<group>"; };
		0B6CE3241CB94ADE0043D857 /* MatchPage.swift */ = {isa = PBXFileReference; fileEncoding = 4; lastKnownFileType = sourcecode.swift; path = MatchPage.swift; sourceTree = "<group>"; };
		0B9A023A1C9990B100C4F0C3 /* MatchingAlgorithm.swift */ = {isa = PBXFileReference; fileEncoding = 4; lastKnownFileType = sourcecode.swift; path = MatchingAlgorithm.swift; sourceTree = "<group>"; };
		0BCE55101C6B75100083A2BE /* AdobeHeitiStd-Regular.otf */ = {isa = PBXFileReference; lastKnownFileType = file; path = "AdobeHeitiStd-Regular.otf"; sourceTree = "<group>"; };
		0BCE55121C6B75250083A2BE /* STHeiti Light.ttc */ = {isa = PBXFileReference; lastKnownFileType = file; path = "STHeiti Light.ttc"; sourceTree = "<group>"; };
		0BCE55161C6B7CBE0083A2BE /* QuestionDirectiveThera.swift */ = {isa = PBXFileReference; fileEncoding = 4; lastKnownFileType = sourcecode.swift; path = QuestionDirectiveThera.swift; sourceTree = "<group>"; };
		0BCE551A1C6B81010083A2BE /* QuestionReligionThera.swift */ = {isa = PBXFileReference; fileEncoding = 4; lastKnownFileType = sourcecode.swift; path = QuestionReligionThera.swift; sourceTree = "<group>"; };
		0BCE551D1C6B8B4E0083A2BE /* QuestionThera3.swift */ = {isa = PBXFileReference; fileEncoding = 4; lastKnownFileType = sourcecode.swift; path = QuestionThera3.swift; sourceTree = "<group>"; };
		0BD332201C7141F300E5F31D /* Realm.framework */ = {isa = PBXFileReference; lastKnownFileType = wrapper.framework; path = Realm.framework; sourceTree = "<group>"; };
		0BD332211C7141F300E5F31D /* RealmSwift.framework */ = {isa = PBXFileReference; lastKnownFileType = wrapper.framework; path = RealmSwift.framework; sourceTree = "<group>"; };
		0BD332691C76272100E5F31D /* QuestionExpertPatient.swift */ = {isa = PBXFileReference; fileEncoding = 4; lastKnownFileType = sourcecode.swift; path = QuestionExpertPatient.swift; sourceTree = "<group>"; };
		0BE801851C63CD5700E761A6 /* Kang.app */ = {isa = PBXFileReference; explicitFileType = wrapper.application; includeInIndex = 0; path = Kang.app; sourceTree = BUILT_PRODUCTS_DIR; };
		0BE801891C63CD5700E761A6 /* Info.plist */ = {isa = PBXFileReference; lastKnownFileType = text.plist.xml; path = Info.plist; sourceTree = "<group>"; };
		0BE8018A1C63CD5700E761A6 /* AppDelegate.swift */ = {isa = PBXFileReference; lastKnownFileType = sourcecode.swift; path = AppDelegate.swift; sourceTree = "<group>"; };
		0BE8018C1C63CD5700E761A6 /* ViewController.swift */ = {isa = PBXFileReference; lastKnownFileType = sourcecode.swift; path = ViewController.swift; sourceTree = "<group>"; };
		0BE801911C63CD5700E761A6 /* Images.xcassets */ = {isa = PBXFileReference; lastKnownFileType = folder.assetcatalog; path = Images.xcassets; sourceTree = "<group>"; };
		0BE801941C63CD5700E761A6 /* Base */ = {isa = PBXFileReference; lastKnownFileType = file.xib; name = Base; path = Base.lproj/LaunchScreen.xib; sourceTree = "<group>"; };
		0BE8019A1C63CD5700E761A6 /* KangTests.xctest */ = {isa = PBXFileReference; explicitFileType = wrapper.cfbundle; includeInIndex = 0; path = KangTests.xctest; sourceTree = BUILT_PRODUCTS_DIR; };
		0BE8019F1C63CD5700E761A6 /* Info.plist */ = {isa = PBXFileReference; lastKnownFileType = text.plist.xml; path = Info.plist; sourceTree = "<group>"; };
		0BE801A01C63CD5700E761A6 /* background_image_Tests.swift */ = {isa = PBXFileReference; lastKnownFileType = sourcecode.swift; path = background_image_Tests.swift; sourceTree = "<group>"; };
		0BE801F11C6525AB00E761A6 /* Base */ = {isa = PBXFileReference; lastKnownFileType = file.storyboard; name = Base; path = Base.lproj/Main.storyboard; sourceTree = "<group>"; };
		0BE802021C66AF2300E761A6 /* QuestionDirectivePatient.swift */ = {isa = PBXFileReference; fileEncoding = 4; lastKnownFileType = sourcecode.swift; path = QuestionDirectivePatient.swift; sourceTree = "<group>"; };
		0BE802041C66AF3300E761A6 /* QuestionReligionPatient.swift */ = {isa = PBXFileReference; fileEncoding = 4; lastKnownFileType = sourcecode.swift; path = QuestionReligionPatient.swift; sourceTree = "<group>"; };
		0BE802061C67BC9E00E761A6 /* QuestionGenderPatient.swift */ = {isa = PBXFileReference; fileEncoding = 4; lastKnownFileType = sourcecode.swift; path = QuestionGenderPatient.swift; sourceTree = "<group>"; };
		0BE802081C67C1E200E761A6 /* QuestionChildhoodPatient.swift */ = {isa = PBXFileReference; fileEncoding = 4; lastKnownFileType = sourcecode.swift; path = QuestionChildhoodPatient.swift; sourceTree = "<group>"; };
		0BE8020A1C67CF0600E761A6 /* signUpPage.swift */ = {isa = PBXFileReference; fileEncoding = 4; lastKnownFileType = sourcecode.swift; path = signUpPage.swift; sourceTree = "<group>"; };
		0BEE93AC1C8F4EEE008BAD43 /* AsyncButton.swift */ = {isa = PBXFileReference; fileEncoding = 4; lastKnownFileType = sourcecode.swift; path = AsyncButton.swift; sourceTree = "<group>"; };
		0BEE93AD1C8F4EEE008BAD43 /* AsyncImageView.swift */ = {isa = PBXFileReference; fileEncoding = 4; lastKnownFileType = sourcecode.swift; path = AsyncImageView.swift; sourceTree = "<group>"; };
		0BEE93AE1C8F4EEE008BAD43 /* AutoTextView.swift */ = {isa = PBXFileReference; fileEncoding = 4; lastKnownFileType = sourcecode.swift; path = AutoTextView.swift; sourceTree = "<group>"; };
		0BEE93AF1C8F4EEE008BAD43 /* BlurView.swift */ = {isa = PBXFileReference; fileEncoding = 4; lastKnownFileType = sourcecode.swift; path = BlurView.swift; sourceTree = "<group>"; };
		0BEE93B01C8F4EEE008BAD43 /* DesignableButton.swift */ = {isa = PBXFileReference; fileEncoding = 4; lastKnownFileType = sourcecode.swift; path = DesignableButton.swift; sourceTree = "<group>"; };
		0BEE93B11C8F4EEE008BAD43 /* DesignableImageView.swift */ = {isa = PBXFileReference; fileEncoding = 4; lastKnownFileType = sourcecode.swift; path = DesignableImageView.swift; sourceTree = "<group>"; };
		0BEE93B21C8F4EEE008BAD43 /* DesignableLabel.swift */ = {isa = PBXFileReference; fileEncoding = 4; lastKnownFileType = sourcecode.swift; path = DesignableLabel.swift; sourceTree = "<group>"; };
		0BEE93B31C8F4EEE008BAD43 /* DesignableTabBarController.swift */ = {isa = PBXFileReference; fileEncoding = 4; lastKnownFileType = sourcecode.swift; path = DesignableTabBarController.swift; sourceTree = "<group>"; };
		0BEE93B41C8F4EEE008BAD43 /* DesignableTextField.swift */ = {isa = PBXFileReference; fileEncoding = 4; lastKnownFileType = sourcecode.swift; path = DesignableTextField.swift; sourceTree = "<group>"; };
		0BEE93B51C8F4EEE008BAD43 /* DesignableTextView.swift */ = {isa = PBXFileReference; fileEncoding = 4; lastKnownFileType = sourcecode.swift; path = DesignableTextView.swift; sourceTree = "<group>"; };
		0BEE93B61C8F4EEE008BAD43 /* DesignableView.swift */ = {isa = PBXFileReference; fileEncoding = 4; lastKnownFileType = sourcecode.swift; path = DesignableView.swift; sourceTree = "<group>"; };
		0BEE93B71C8F4EEE008BAD43 /* ImageLoader.swift */ = {isa = PBXFileReference; fileEncoding = 4; lastKnownFileType = sourcecode.swift; path = ImageLoader.swift; sourceTree = "<group>"; };
		0BEE93B81C8F4EEE008BAD43 /* Info.plist */ = {isa = PBXFileReference; fileEncoding = 4; lastKnownFileType = text.plist.xml; path = Info.plist; sourceTree = "<group>"; };
		0BEE93B91C8F4EEE008BAD43 /* KeyboardLayoutConstraint.swift */ = {isa = PBXFileReference; fileEncoding = 4; lastKnownFileType = sourcecode.swift; path = KeyboardLayoutConstraint.swift; sourceTree = "<group>"; };
		0BEE93BA1C8F4EEE008BAD43 /* LoadingView.swift */ = {isa = PBXFileReference; fileEncoding = 4; lastKnownFileType = sourcecode.swift; path = LoadingView.swift; sourceTree = "<group>"; };
		0BEE93BB1C8F4EEE008BAD43 /* LoadingView.xib */ = {isa = PBXFileReference; fileEncoding = 4; lastKnownFileType = file.xib; path = LoadingView.xib; sourceTree = "<group>"; };
		0BEE93BC1C8F4EEE008BAD43 /* Misc.swift */ = {isa = PBXFileReference; fileEncoding = 4; lastKnownFileType = sourcecode.swift; path = Misc.swift; sourceTree = "<group>"; };
		0BEE93BD1C8F4EEE008BAD43 /* SoundPlayer.swift */ = {isa = PBXFileReference; fileEncoding = 4; lastKnownFileType = sourcecode.swift; path = SoundPlayer.swift; sourceTree = "<group>"; };
		0BEE93BE1C8F4EEE008BAD43 /* Spring.h */ = {isa = PBXFileReference; fileEncoding = 4; lastKnownFileType = sourcecode.c.h; path = Spring.h; sourceTree = "<group>"; };
		0BEE93BF1C8F4EEE008BAD43 /* Spring.swift */ = {isa = PBXFileReference; fileEncoding = 4; lastKnownFileType = sourcecode.swift; path = Spring.swift; sourceTree = "<group>"; };
		0BEE93C01C8F4EEE008BAD43 /* SpringAnimation.swift */ = {isa = PBXFileReference; fileEncoding = 4; lastKnownFileType = sourcecode.swift; path = SpringAnimation.swift; sourceTree = "<group>"; };
		0BEE93C11C8F4EEE008BAD43 /* SpringButton.swift */ = {isa = PBXFileReference; fileEncoding = 4; lastKnownFileType = sourcecode.swift; path = SpringButton.swift; sourceTree = "<group>"; };
		0BEE93C21C8F4EEE008BAD43 /* SpringImageView.swift */ = {isa = PBXFileReference; fileEncoding = 4; lastKnownFileType = sourcecode.swift; path = SpringImageView.swift; sourceTree = "<group>"; };
		0BEE93C31C8F4EEE008BAD43 /* SpringLabel.swift */ = {isa = PBXFileReference; fileEncoding = 4; lastKnownFileType = sourcecode.swift; path = SpringLabel.swift; sourceTree = "<group>"; };
		0BEE93C41C8F4EEE008BAD43 /* SpringTextField.swift */ = {isa = PBXFileReference; fileEncoding = 4; lastKnownFileType = sourcecode.swift; path = SpringTextField.swift; sourceTree = "<group>"; };
		0BEE93C51C8F4EEE008BAD43 /* SpringTextView.swift */ = {isa = PBXFileReference; fileEncoding = 4; lastKnownFileType = sourcecode.swift; path = SpringTextView.swift; sourceTree = "<group>"; };
		0BEE93C61C8F4EEE008BAD43 /* SpringView.swift */ = {isa = PBXFileReference; fileEncoding = 4; lastKnownFileType = sourcecode.swift; path = SpringView.swift; sourceTree = "<group>"; };
		0BEE93C71C8F4EEE008BAD43 /* TransitionManager.swift */ = {isa = PBXFileReference; fileEncoding = 4; lastKnownFileType = sourcecode.swift; path = TransitionManager.swift; sourceTree = "<group>"; };
		0BEE93C81C8F4EEE008BAD43 /* TransitionZoom.swift */ = {isa = PBXFileReference; fileEncoding = 4; lastKnownFileType = sourcecode.swift; path = TransitionZoom.swift; sourceTree = "<group>"; };
		0BEE93C91C8F4EEE008BAD43 /* UnwindSegue.swift */ = {isa = PBXFileReference; fileEncoding = 4; lastKnownFileType = sourcecode.swift; path = UnwindSegue.swift; sourceTree = "<group>"; };
		E27168DB1C8BC91900778E22 /* QuestionGenderTherapist.swift */ = {isa = PBXFileReference; fileEncoding = 4; lastKnownFileType = sourcecode.swift; path = QuestionGenderTherapist.swift; sourceTree = "<group>"; };
		E27168DD1C8BC96800778E22 /* QuestionChildhoodTherapist.swift */ = {isa = PBXFileReference; fileEncoding = 4; lastKnownFileType = sourcecode.swift; path = QuestionChildhoodTherapist.swift; sourceTree = "<group>"; };
		E27168DF1C8BC9B600778E22 /* QuestionExpertTherapist.swift */ = {isa = PBXFileReference; fileEncoding = 4; lastKnownFileType = sourcecode.swift; path = QuestionExpertTherapist.swift; sourceTree = "<group>"; };
		E27168E11C8BCAC900778E22 /* QuestionCostTherapist.swift */ = {isa = PBXFileReference; fileEncoding = 4; lastKnownFileType = sourcecode.swift; path = QuestionCostTherapist.swift; sourceTree = "<group>"; };
		E27168E31C8BCB2100778E22 /* QuestionLocationPatient.swift */ = {isa = PBXFileReference; fileEncoding = 4; lastKnownFileType = sourcecode.swift; path = QuestionLocationPatient.swift; sourceTree = "<group>"; };
/* End PBXFileReference section */

/* Begin PBXFrameworksBuildPhase section */
		0BE801821C63CD5700E761A6 /* Frameworks */ = {
			isa = PBXFrameworksBuildPhase;
			buildActionMask = 2147483647;
			files = (
				0B22EDDF1C7F3D2C00CBF57D /* libicucore.tbd in Frameworks */,
				0B22EDDD1C7F3D2000CBF57D /* libc++.tbd in Frameworks */,
				0B22EDDB1C7F3D1000CBF57D /* SystemConfiguration.framework in Frameworks */,
				0B22EDD91C7F3D0500CBF57D /* Security.framework in Frameworks */,
				0B22EDD71C7F3CFB00CBF57D /* CFNetwork.framework in Frameworks */,
				0B22EDD41C7F3B4C00CBF57D /* Firebase.framework in Frameworks */,
			);
			runOnlyForDeploymentPostprocessing = 0;
		};
		0BE801971C63CD5700E761A6 /* Frameworks */ = {
			isa = PBXFrameworksBuildPhase;
			buildActionMask = 2147483647;
			files = (
			);
			runOnlyForDeploymentPostprocessing = 0;
		};
/* End PBXFrameworksBuildPhase section */

/* Begin PBXGroup section */
		0B22EDE01C7F3D6F00CBF57D /* .frameworks */ = {
			isa = PBXGroup;
			children = (
				0B22EDDA1C7F3D1000CBF57D /* SystemConfiguration.framework */,
				0B22EDD81C7F3D0500CBF57D /* Security.framework */,
				0B22EDD61C7F3CFB00CBF57D /* CFNetwork.framework */,
				0B22EDD31C7F3B4C00CBF57D /* Firebase.framework */,
				0BD332201C7141F300E5F31D /* Realm.framework */,
				0BD332211C7141F300E5F31D /* RealmSwift.framework */,
				0B22EDDC1C7F3D2000CBF57D /* libc++.tbd */,
				0B22EDDE1C7F3D2C00CBF57D /* libicucore.tbd */,
			);
			name = .frameworks;
			sourceTree = "<group>";
		};
		0B3C4EFB1C8C687D00F56ED4 /* Therapist Questions */ = {
			isa = PBXGroup;
			children = (
				0B5D49061CB43505007E7C31 /* AnswersTherapists.swift */,
				E27168DB1C8BC91900778E22 /* QuestionGenderTherapist.swift */,
				E27168DD1C8BC96800778E22 /* QuestionChildhoodTherapist.swift */,
				E27168DF1C8BC9B600778E22 /* QuestionExpertTherapist.swift */,
				E27168E11C8BCAC900778E22 /* QuestionCostTherapist.swift */,
				0B3C4EFD1C8C76FF00F56ED4 /* PickImage.swift */,
				0B3D35981CC7032E00D8A475 /* moreInfo.swift */,
				0B29A7061C822BA0001ED0C4 /* QuestionLocationTherapist.swift */,
				0BCE55161C6B7CBE0083A2BE /* QuestionDirectiveThera.swift */,
				0BCE551A1C6B81010083A2BE /* QuestionReligionThera.swift */,
				0B29A70C1C8745AF001ED0C4 /* SignUpThera.swift */,
			);
			name = "Therapist Questions";
			sourceTree = "<group>";
		};
		0B3C4EFC1C8C68C800F56ED4 /* Patient Questions */ = {
			isa = PBXGroup;
			children = (
				0B5D49041CB3F8E0007E7C31 /* OldAnswersPatients.swift */,
				E27168E31C8BCB2100778E22 /* QuestionLocationPatient.swift */,
				0BE802021C66AF2300E761A6 /* QuestionDirectivePatient.swift */,
				0BE802041C66AF3300E761A6 /* QuestionReligionPatient.swift */,
				0B29A7001C80F465001ED0C4 /* Login.swift */,
				0BE802061C67BC9E00E761A6 /* QuestionGenderPatient.swift */,
				0BE802081C67C1E200E761A6 /* QuestionChildhoodPatient.swift */,
				0BD332691C76272100E5F31D /* QuestionExpertPatient.swift */,
				0BE8020A1C67CF0600E761A6 /* signUpPage.swift */,
				0B29A7041C82266E001ED0C4 /* QuestionCostPatient.swift */,
			);
			name = "Patient Questions";
			sourceTree = "<group>";
		};
		0BE8017C1C63CD5700E761A6 = {
			isa = PBXGroup;
			children = (
				0B22EDE01C7F3D6F00CBF57D /* .frameworks */,
				0BE801871C63CD5700E761A6 /* Kang */,
				0BE8019D1C63CD5700E761A6 /* KangTests */,
				0BE801861C63CD5700E761A6 /* Products */,
			);
			sourceTree = "<group>";
		};
		0BE801861C63CD5700E761A6 /* Products */ = {
			isa = PBXGroup;
			children = (
				0BE801851C63CD5700E761A6 /* Kang.app */,
				0BE8019A1C63CD5700E761A6 /* KangTests.xctest */,
			);
			name = Products;
			sourceTree = "<group>";
		};
		0BE801871C63CD5700E761A6 /* Kang */ = {
			isa = PBXGroup;
			children = (
				0B3C4EFB1C8C687D00F56ED4 /* Therapist Questions */,
				0B3C4EFC1C8C68C800F56ED4 /* Patient Questions */,
				0BE8018A1C63CD5700E761A6 /* AppDelegate.swift */,
				0B9A023A1C9990B100C4F0C3 /* MatchingAlgorithm.swift */,
				0BE801F01C6525AB00E761A6 /* Main.storyboard */,
				0B6CE3241CB94ADE0043D857 /* MatchPage.swift */,
				0BE8018C1C63CD5700E761A6 /* ViewController.swift */,
				0B29A7021C8164E3001ED0C4 /* LoggedInInfo.swift */,
				0BCE551D1C6B8B4E0083A2BE /* QuestionThera3.swift */,
				0BE801911C63CD5700E761A6 /* Images.xcassets */,
				0BEE93AB1C8F4EEE008BAD43 /* Spring */,
				0BE801931C63CD5700E761A6 /* LaunchScreen.xib */,
				0BE801881C63CD5700E761A6 /* Supporting Files */,
			);
			name = Kang;
			path = "background-image+";
			sourceTree = "<group>";
		};
		0BE801881C63CD5700E761A6 /* Supporting Files */ = {
			isa = PBXGroup;
			children = (
				0BCE55121C6B75250083A2BE /* STHeiti Light.ttc */,
				0BCE55101C6B75100083A2BE /* AdobeHeitiStd-Regular.otf */,
				0BE801891C63CD5700E761A6 /* Info.plist */,
			);
			name = "Supporting Files";
			sourceTree = "<group>";
		};
		0BE8019D1C63CD5700E761A6 /* KangTests */ = {
			isa = PBXGroup;
			children = (
				0BE801A01C63CD5700E761A6 /* background_image_Tests.swift */,
				0BE8019E1C63CD5700E761A6 /* Supporting Files */,
			);
			name = KangTests;
			path = "background-image+Tests";
			sourceTree = "<group>";
		};
		0BE8019E1C63CD5700E761A6 /* Supporting Files */ = {
			isa = PBXGroup;
			children = (
				0BE8019F1C63CD5700E761A6 /* Info.plist */,
			);
			name = "Supporting Files";
			sourceTree = "<group>";
		};
		0BEE93AB1C8F4EEE008BAD43 /* Spring */ = {
			isa = PBXGroup;
			children = (
				0BEE93AC1C8F4EEE008BAD43 /* AsyncButton.swift */,
				0BEE93AD1C8F4EEE008BAD43 /* AsyncImageView.swift */,
				0BEE93AE1C8F4EEE008BAD43 /* AutoTextView.swift */,
				0BEE93AF1C8F4EEE008BAD43 /* BlurView.swift */,
				0BEE93B01C8F4EEE008BAD43 /* DesignableButton.swift */,
				0BEE93B11C8F4EEE008BAD43 /* DesignableImageView.swift */,
				0BEE93B21C8F4EEE008BAD43 /* DesignableLabel.swift */,
				0BEE93B31C8F4EEE008BAD43 /* DesignableTabBarController.swift */,
				0BEE93B41C8F4EEE008BAD43 /* DesignableTextField.swift */,
				0BEE93B51C8F4EEE008BAD43 /* DesignableTextView.swift */,
				0BEE93B61C8F4EEE008BAD43 /* DesignableView.swift */,
				0BEE93B71C8F4EEE008BAD43 /* ImageLoader.swift */,
				0BEE93B81C8F4EEE008BAD43 /* Info.plist */,
				0BEE93B91C8F4EEE008BAD43 /* KeyboardLayoutConstraint.swift */,
				0BEE93BA1C8F4EEE008BAD43 /* LoadingView.swift */,
				0BEE93BB1C8F4EEE008BAD43 /* LoadingView.xib */,
				0BEE93BC1C8F4EEE008BAD43 /* Misc.swift */,
				0BEE93BD1C8F4EEE008BAD43 /* SoundPlayer.swift */,
				0BEE93BE1C8F4EEE008BAD43 /* Spring.h */,
				0BEE93BF1C8F4EEE008BAD43 /* Spring.swift */,
				0BEE93C01C8F4EEE008BAD43 /* SpringAnimation.swift */,
				0BEE93C11C8F4EEE008BAD43 /* SpringButton.swift */,
				0BEE93C21C8F4EEE008BAD43 /* SpringImageView.swift */,
				0BEE93C31C8F4EEE008BAD43 /* SpringLabel.swift */,
				0BEE93C41C8F4EEE008BAD43 /* SpringTextField.swift */,
				0BEE93C51C8F4EEE008BAD43 /* SpringTextView.swift */,
				0BEE93C61C8F4EEE008BAD43 /* SpringView.swift */,
				0BEE93C71C8F4EEE008BAD43 /* TransitionManager.swift */,
				0BEE93C81C8F4EEE008BAD43 /* TransitionZoom.swift */,
				0BEE93C91C8F4EEE008BAD43 /* UnwindSegue.swift */,
			);
			path = Spring;
			sourceTree = "<group>";
		};
/* End PBXGroup section */

/* Begin PBXNativeTarget section */
		0BE801841C63CD5700E761A6 /* Kang */ = {
			isa = PBXNativeTarget;
			buildConfigurationList = 0BE801A41C63CD5700E761A6 /* Build configuration list for PBXNativeTarget "Kang" */;
			buildPhases = (
				0BE801811C63CD5700E761A6 /* Sources */,
				0BE801821C63CD5700E761A6 /* Frameworks */,
				0BE801831C63CD5700E761A6 /* Resources */,
				0BD332261C7141F300E5F31D /* Embed Frameworks */,
				0BD332271C71436400E5F31D /* ShellScript */,
			);
			buildRules = (
			);
			dependencies = (
			);
			name = Kang;
			productName = "background-image+";
			productReference = 0BE801851C63CD5700E761A6 /* Kang.app */;
			productType = "com.apple.product-type.application";
		};
		0BE801991C63CD5700E761A6 /* KangTests */ = {
			isa = PBXNativeTarget;
			buildConfigurationList = 0BE801A71C63CD5700E761A6 /* Build configuration list for PBXNativeTarget "KangTests" */;
			buildPhases = (
				0BE801961C63CD5700E761A6 /* Sources */,
				0BE801971C63CD5700E761A6 /* Frameworks */,
				0BE801981C63CD5700E761A6 /* Resources */,
			);
			buildRules = (
			);
			dependencies = (
				0BE8019C1C63CD5700E761A6 /* PBXTargetDependency */,
			);
			name = KangTests;
			productName = "background-image+Tests";
			productReference = 0BE8019A1C63CD5700E761A6 /* KangTests.xctest */;
			productType = "com.apple.product-type.bundle.unit-test";
		};
/* End PBXNativeTarget section */

/* Begin PBXProject section */
		0BE8017D1C63CD5700E761A6 /* Project object */ = {
			isa = PBXProject;
			attributes = {
				LastSwiftMigration = 0720;
				LastSwiftUpdateCheck = 0720;
				LastUpgradeCheck = 0640;
				ORGANIZATIONNAME = UCL;
				TargetAttributes = {
					0BE801841C63CD5700E761A6 = {
						CreatedOnToolsVersion = 6.4;
						DevelopmentTeam = 8SSS278KJ9;
					};
					0BE801991C63CD5700E761A6 = {
						CreatedOnToolsVersion = 6.4;
						TestTargetID = 0BE801841C63CD5700E761A6;
					};
				};
			};
			buildConfigurationList = 0BE801801C63CD5700E761A6 /* Build configuration list for PBXProject "Kang" */;
			compatibilityVersion = "Xcode 3.2";
			developmentRegion = English;
			hasScannedForEncodings = 0;
			knownRegions = (
				en,
				Base,
			);
			mainGroup = 0BE8017C1C63CD5700E761A6;
			productRefGroup = 0BE801861C63CD5700E761A6 /* Products */;
			projectDirPath = "";
			projectRoot = "";
			targets = (
				0BE801841C63CD5700E761A6 /* Kang */,
				0BE801991C63CD5700E761A6 /* KangTests */,
			);
		};
/* End PBXProject section */

/* Begin PBXResourcesBuildPhase section */
		0BE801831C63CD5700E761A6 /* Resources */ = {
			isa = PBXResourcesBuildPhase;
			buildActionMask = 2147483647;
			files = (
				0BCE55111C6B75100083A2BE /* AdobeHeitiStd-Regular.otf in Resources */,
				0BCE55131C6B75250083A2BE /* STHeiti Light.ttc in Resources */,
				0BEE93D61C8F4EEE008BAD43 /* Info.plist in Resources */,
				0BE801F21C6525AB00E761A6 /* Main.storyboard in Resources */,
				0BEE93D91C8F4EEE008BAD43 /* LoadingView.xib in Resources */,
				0BE801951C63CD5700E761A6 /* LaunchScreen.xib in Resources */,
				0BE801921C63CD5700E761A6 /* Images.xcassets in Resources */,
			);
			runOnlyForDeploymentPostprocessing = 0;
		};
		0BE801981C63CD5700E761A6 /* Resources */ = {
			isa = PBXResourcesBuildPhase;
			buildActionMask = 2147483647;
			files = (
			);
			runOnlyForDeploymentPostprocessing = 0;
		};
/* End PBXResourcesBuildPhase section */

/* Begin PBXShellScriptBuildPhase section */
		0BD332271C71436400E5F31D /* ShellScript */ = {
			isa = PBXShellScriptBuildPhase;
			buildActionMask = 2147483647;
			files = (
			);
			inputPaths = (
			);
			outputPaths = (
			);
			runOnlyForDeploymentPostprocessing = 0;
			shellPath = /bin/sh;
			shellScript = "bash \"${BUILT_PRODUCTS_DIR}/${FRAMEWORKS_FOLDER_PATH}/Realm.framework/strip-frameworks.sh\"";
		};
/* End PBXShellScriptBuildPhase section */

/* Begin PBXSourcesBuildPhase section */
		0BE801811C63CD5700E761A6 /* Sources */ = {
			isa = PBXSourcesBuildPhase;
			buildActionMask = 2147483647;
			files = (
				0BEE93DD1C8F4EEE008BAD43 /* SpringAnimation.swift in Sources */,
				E27168DE1C8BC96800778E22 /* QuestionChildhoodTherapist.swift in Sources */,
				0BCE55171C6B7CBE0083A2BE /* QuestionDirectiveThera.swift in Sources */,
				0BCE551E1C6B8B4E0083A2BE /* QuestionThera3.swift in Sources */,
				0B29A7031C8164E3001ED0C4 /* LoggedInInfo.swift in Sources */,
				0BEE93CC1C8F4EEE008BAD43 /* AutoTextView.swift in Sources */,
				0BEE93E51C8F4EEE008BAD43 /* TransitionZoom.swift in Sources */,
				0BEE93D81C8F4EEE008BAD43 /* LoadingView.swift in Sources */,
				0BEE93D71C8F4EEE008BAD43 /* KeyboardLayoutConstraint.swift in Sources */,
				0BEE93CF1C8F4EEE008BAD43 /* DesignableImageView.swift in Sources */,
				0BEE93CD1C8F4EEE008BAD43 /* BlurView.swift in Sources */,
				0BEE93D51C8F4EEE008BAD43 /* ImageLoader.swift in Sources */,
				0BE802051C66AF3300E761A6 /* QuestionReligionPatient.swift in Sources */,
				0BEE93E11C8F4EEE008BAD43 /* SpringTextField.swift in Sources */,
				0BE8018D1C63CD5700E761A6 /* ViewController.swift in Sources */,
				0B3C4EFE1C8C76FF00F56ED4 /* PickImage.swift in Sources */,
				0BEE93DE1C8F4EEE008BAD43 /* SpringButton.swift in Sources */,
				0BEE93DB1C8F4EEE008BAD43 /* SoundPlayer.swift in Sources */,
				0BEE93D01C8F4EEE008BAD43 /* DesignableLabel.swift in Sources */,
				0BEE93D21C8F4EEE008BAD43 /* DesignableTextField.swift in Sources */,
				0BEE93E31C8F4EEE008BAD43 /* SpringView.swift in Sources */,
				0B6CE3251CB94ADE0043D857 /* MatchPage.swift in Sources */,
				0BD3326A1C76272100E5F31D /* QuestionExpertPatient.swift in Sources */,
				0B5D49051CB3F8E0007E7C31 /* OldAnswersPatients.swift in Sources */,
				0B9A023B1C9990B100C4F0C3 /* MatchingAlgorithm.swift in Sources */,
				0B29A70D1C8745AF001ED0C4 /* SignUpThera.swift in Sources */,
				0BE802091C67C1E200E761A6 /* QuestionChildhoodPatient.swift in Sources */,
				0BEE93D31C8F4EEE008BAD43 /* DesignableTextView.swift in Sources */,
				0BEE93E41C8F4EEE008BAD43 /* TransitionManager.swift in Sources */,
				0B5D49071CB43505007E7C31 /* AnswersTherapists.swift in Sources */,
				0BEE93D41C8F4EEE008BAD43 /* DesignableView.swift in Sources */,
				E27168E21C8BCAC900778E22 /* QuestionCostTherapist.swift in Sources */,
				0B29A7011C80F465001ED0C4 /* Login.swift in Sources */,
				0B29A7071C822BA0001ED0C4 /* QuestionLocationTherapist.swift in Sources */,
				0BE8020B1C67CF0600E761A6 /* signUpPage.swift in Sources */,
				0BEE93E01C8F4EEE008BAD43 /* SpringLabel.swift in Sources */,
				0BEE93CA1C8F4EEE008BAD43 /* AsyncButton.swift in Sources */,
				0BEE93DC1C8F4EEE008BAD43 /* Spring.swift in Sources */,
				E27168E01C8BC9B600778E22 /* QuestionExpertTherapist.swift in Sources */,
				E27168E41C8BCB2100778E22 /* QuestionLocationPatient.swift in Sources */,
				0BEE93E61C8F4EEE008BAD43 /* UnwindSegue.swift in Sources */,
				0BEE93DF1C8F4EEE008BAD43 /* SpringImageView.swift in Sources */,
				0BEE93CB1C8F4EEE008BAD43 /* AsyncImageView.swift in Sources */,
				0BEE93DA1C8F4EEE008BAD43 /* Misc.swift in Sources */,
				0BCE551B1C6B81010083A2BE /* QuestionReligionThera.swift in Sources */,
				0BEE93E21C8F4EEE008BAD43 /* SpringTextView.swift in Sources */,
				E27168DC1C8BC91900778E22 /* QuestionGenderTherapist.swift in Sources */,
				0BEE93CE1C8F4EEE008BAD43 /* DesignableButton.swift in Sources */,
				0BE802071C67BC9E00E761A6 /* QuestionGenderPatient.swift in Sources */,
				0BE802031C66AF2300E761A6 /* QuestionDirectivePatient.swift in Sources */,
				0BEE93D11C8F4EEE008BAD43 /* DesignableTabBarController.swift in Sources */,
				0BE8018B1C63CD5700E761A6 /* AppDelegate.swift in Sources */,
				0B3D35991CC7032E00D8A475 /* moreInfo.swift in Sources */,
				0B29A7051C82266E001ED0C4 /* QuestionCostPatient.swift in Sources */,
			);
			runOnlyForDeploymentPostprocessing = 0;
		};
		0BE801961C63CD5700E761A6 /* Sources */ = {
			isa = PBXSourcesBuildPhase;
			buildActionMask = 2147483647;
			files = (
				0BE801A11C63CD5700E761A6 /* background_image_Tests.swift in Sources */,
			);
			runOnlyForDeploymentPostprocessing = 0;
		};
/* End PBXSourcesBuildPhase section */

/* Begin PBXTargetDependency section */
		0BE8019C1C63CD5700E761A6 /* PBXTargetDependency */ = {
			isa = PBXTargetDependency;
			target = 0BE801841C63CD5700E761A6 /* Kang */;
			targetProxy = 0BE8019B1C63CD5700E761A6 /* PBXContainerItemProxy */;
		};
/* End PBXTargetDependency section */

/* Begin PBXVariantGroup section */
		0BE801931C63CD5700E761A6 /* LaunchScreen.xib */ = {
			isa = PBXVariantGroup;
			children = (
				0BE801941C63CD5700E761A6 /* Base */,
			);
			name = LaunchScreen.xib;
			sourceTree = "<group>";
		};
		0BE801F01C6525AB00E761A6 /* Main.storyboard */ = {
			isa = PBXVariantGroup;
			children = (
				0BE801F11C6525AB00E761A6 /* Base */,
			);
			name = Main.storyboard;
			sourceTree = "<group>";
		};
/* End PBXVariantGroup section */

/* Begin XCBuildConfiguration section */
		0BE801A21C63CD5700E761A6 /* Debug */ = {
			isa = XCBuildConfiguration;
			buildSettings = {
				ALWAYS_SEARCH_USER_PATHS = NO;
				CLANG_CXX_LANGUAGE_STANDARD = "gnu++0x";
				CLANG_CXX_LIBRARY = "libc++";
				CLANG_ENABLE_MODULES = YES;
				CLANG_ENABLE_OBJC_ARC = YES;
				CLANG_WARN_BOOL_CONVERSION = YES;
				CLANG_WARN_CONSTANT_CONVERSION = YES;
				CLANG_WARN_DIRECT_OBJC_ISA_USAGE = YES_ERROR;
				CLANG_WARN_EMPTY_BODY = YES;
				CLANG_WARN_ENUM_CONVERSION = YES;
				CLANG_WARN_INT_CONVERSION = YES;
				CLANG_WARN_OBJC_ROOT_CLASS = YES_ERROR;
				CLANG_WARN_UNREACHABLE_CODE = YES;
				CLANG_WARN__DUPLICATE_METHOD_MATCH = YES;
				"CODE_SIGN_IDENTITY[sdk=iphoneos*]" = "iPhone Developer";
				COPY_PHASE_STRIP = NO;
				DEBUG_INFORMATION_FORMAT = "dwarf-with-dsym";
				ENABLE_STRICT_OBJC_MSGSEND = YES;
				GCC_C_LANGUAGE_STANDARD = gnu99;
				GCC_DYNAMIC_NO_PIC = NO;
				GCC_NO_COMMON_BLOCKS = YES;
				GCC_OPTIMIZATION_LEVEL = 0;
				GCC_PREPROCESSOR_DEFINITIONS = (
					"DEBUG=1",
					"$(inherited)",
				);
				GCC_SYMBOLS_PRIVATE_EXTERN = NO;
				GCC_WARN_64_TO_32_BIT_CONVERSION = YES;
				GCC_WARN_ABOUT_RETURN_TYPE = YES_ERROR;
				GCC_WARN_UNDECLARED_SELECTOR = YES;
				GCC_WARN_UNINITIALIZED_AUTOS = YES_AGGRESSIVE;
				GCC_WARN_UNUSED_FUNCTION = YES;
				GCC_WARN_UNUSED_VARIABLE = YES;
				IPHONEOS_DEPLOYMENT_TARGET = 8.4;
				MTL_ENABLE_DEBUG_INFO = YES;
				ONLY_ACTIVE_ARCH = YES;
				SDKROOT = iphoneos;
				SWIFT_OPTIMIZATION_LEVEL = "-Onone";
				TARGETED_DEVICE_FAMILY = "1,2";
			};
			name = Debug;
		};
		0BE801A31C63CD5700E761A6 /* Release */ = {
			isa = XCBuildConfiguration;
			buildSettings = {
				ALWAYS_SEARCH_USER_PATHS = NO;
				CLANG_CXX_LANGUAGE_STANDARD = "gnu++0x";
				CLANG_CXX_LIBRARY = "libc++";
				CLANG_ENABLE_MODULES = YES;
				CLANG_ENABLE_OBJC_ARC = YES;
				CLANG_WARN_BOOL_CONVERSION = YES;
				CLANG_WARN_CONSTANT_CONVERSION = YES;
				CLANG_WARN_DIRECT_OBJC_ISA_USAGE = YES_ERROR;
				CLANG_WARN_EMPTY_BODY = YES;
				CLANG_WARN_ENUM_CONVERSION = YES;
				CLANG_WARN_INT_CONVERSION = YES;
				CLANG_WARN_OBJC_ROOT_CLASS = YES_ERROR;
				CLANG_WARN_UNREACHABLE_CODE = YES;
				CLANG_WARN__DUPLICATE_METHOD_MATCH = YES;
				"CODE_SIGN_IDENTITY[sdk=iphoneos*]" = "iPhone Developer";
				COPY_PHASE_STRIP = NO;
				DEBUG_INFORMATION_FORMAT = "dwarf-with-dsym";
				ENABLE_NS_ASSERTIONS = NO;
				ENABLE_STRICT_OBJC_MSGSEND = YES;
				GCC_C_LANGUAGE_STANDARD = gnu99;
				GCC_NO_COMMON_BLOCKS = YES;
				GCC_WARN_64_TO_32_BIT_CONVERSION = YES;
				GCC_WARN_ABOUT_RETURN_TYPE = YES_ERROR;
				GCC_WARN_UNDECLARED_SELECTOR = YES;
				GCC_WARN_UNINITIALIZED_AUTOS = YES_AGGRESSIVE;
				GCC_WARN_UNUSED_FUNCTION = YES;
				GCC_WARN_UNUSED_VARIABLE = YES;
				IPHONEOS_DEPLOYMENT_TARGET = 8.4;
				MTL_ENABLE_DEBUG_INFO = NO;
				SDKROOT = iphoneos;
				SWIFT_OPTIMIZATION_LEVEL = "-O";
				TARGETED_DEVICE_FAMILY = "1,2";
				VALIDATE_PRODUCT = YES;
			};
			name = Release;
		};
		0BE801A51C63CD5700E761A6 /* Debug */ = {
			isa = XCBuildConfiguration;
			buildSettings = {
				ASSETCATALOG_COMPILER_APPICON_NAME = AppIcon;
				CODE_SIGN_IDENTITY = "iPhone Developer";
				"CODE_SIGN_IDENTITY[sdk=iphoneos*]" = "iPhone Developer";
				FRAMEWORK_SEARCH_PATHS = (
					"$(inherited)",
					"$(PROJECT_DIR)",
				);
				INFOPLIST_FILE = "background-image+/Info.plist";
				LD_RUNPATH_SEARCH_PATHS = "$(inherited) @executable_path/Frameworks";
				PRODUCT_NAME = Kang;
				PROVISIONING_PROFILE = "";
			};
			name = Debug;
		};
		0BE801A61C63CD5700E761A6 /* Release */ = {
			isa = XCBuildConfiguration;
			buildSettings = {
				ASSETCATALOG_COMPILER_APPICON_NAME = AppIcon;
				CODE_SIGN_IDENTITY = "iPhone Developer";
				"CODE_SIGN_IDENTITY[sdk=iphoneos*]" = "iPhone Developer";
				FRAMEWORK_SEARCH_PATHS = (
					"$(inherited)",
					"$(PROJECT_DIR)",
				);
				INFOPLIST_FILE = "background-image+/Info.plist";
				LD_RUNPATH_SEARCH_PATHS = "$(inherited) @executable_path/Frameworks";
				PRODUCT_NAME = Kang;
				PROVISIONING_PROFILE = "";
				SWIFT_OPTIMIZATION_LEVEL = "-O";
			};
			name = Release;
		};
		0BE801A81C63CD5700E761A6 /* Debug */ = {
			isa = XCBuildConfiguration;
			buildSettings = {
				BUNDLE_LOADER = "$(TEST_HOST)";
				FRAMEWORK_SEARCH_PATHS = (
					"$(SDKROOT)/Developer/Library/Frameworks",
					"$(inherited)",
				);
				GCC_PREPROCESSOR_DEFINITIONS = (
					"DEBUG=1",
					"$(inherited)",
				);
				INFOPLIST_FILE = "background-image+Tests/Info.plist";
				LD_RUNPATH_SEARCH_PATHS = "$(inherited) @executable_path/Frameworks @loader_path/Frameworks";
				PRODUCT_NAME = KangTests;
				TEST_HOST = "$(BUILT_PRODUCTS_DIR)/background-image+.app/background-image+";
			};
			name = Debug;
		};
		0BE801A91C63CD5700E761A6 /* Release */ = {
			isa = XCBuildConfiguration;
			buildSettings = {
				BUNDLE_LOADER = "$(TEST_HOST)";
				FRAMEWORK_SEARCH_PATHS = (
					"$(SDKROOT)/Developer/Library/Frameworks",
					"$(inherited)",
				);
				INFOPLIST_FILE = "background-image+Tests/Info.plist";
				LD_RUNPATH_SEARCH_PATHS = "$(inherited) @executable_path/Frameworks @loader_path/Frameworks";
				PRODUCT_NAME = KangTests;
				TEST_HOST = "$(BUILT_PRODUCTS_DIR)/background-image+.app/background-image+";
			};
			name = Release;
		};
/* End XCBuildConfiguration section */

/* Begin XCConfigurationList section */
		0BE801801C63CD5700E761A6 /* Build configuration list for PBXProject "Kang" */ = {
			isa = XCConfigurationList;
			buildConfigurations = (
				0BE801A21C63CD5700E761A6 /* Debug */,
				0BE801A31C63CD5700E761A6 /* Release */,
			);
			defaultConfigurationIsVisible = 0;
			defaultConfigurationName = Release;
		};
		0BE801A41C63CD5700E761A6 /* Build configuration list for PBXNativeTarget "Kang" */ = {
			isa = XCConfigurationList;
			buildConfigurations = (
				0BE801A51C63CD5700E761A6 /* Debug */,
				0BE801A61C63CD5700E761A6 /* Release */,
			);
			defaultConfigurationIsVisible = 0;
			defaultConfigurationName = Release;
		};
		0BE801A71C63CD5700E761A6 /* Build configuration list for PBXNativeTarget "KangTests" */ = {
			isa = XCConfigurationList;
			buildConfigurations = (
				0BE801A81C63CD5700E761A6 /* Debug */,
				0BE801A91C63CD5700E761A6 /* Release */,
			);
			defaultConfigurationIsVisible = 0;
			defaultConfigurationName = Release;
		};
/* End XCConfigurationList section */
	};
	rootObject = 0BE8017D1C63CD5700E761A6 /* Project object */;
}
